
Microsoft Visual Studio Solution File, Format Version 12.00
Project("{FAE04EC0-301F-11D3-BF4B-00C04F79EFBC}") = "BlazorApp6.Server", "BlazorApp6\Server\BlazorApp6.Server.csproj", "{EC420AD4-66F6-4905-BB0A-01B4BA6E74F2}"
EndProject
Project("{FAE04EC0-301F-11D3-BF4B-00C04F79EFBC}") = "BlazorApp6.Client", "BlazorApp6\Client\BlazorApp6.Client.csproj", "{9873CA7A-1F0F-4E22-8009-F10B0CABF822}"
EndProject
Project("{FAE04EC0-301F-11D3-BF4B-00C04F79EFBC}") = "BlazorApp6.Shared", "BlazorApp6\Shared\BlazorApp6.Shared.csproj", "{C24FAB67-3B2E-4496-9812-8FF795707189}"
EndProject
Global
	GlobalSection(SolutionConfigurationPlatforms) = preSolution
		Debug|Any CPU = Debug|Any CPU
		Release|Any CPU = Release|Any CPU
	EndGlobalSection
	GlobalSection(ProjectConfigurationPlatforms) = postSolution
		{EC420AD4-66F6-4905-BB0A-01B4BA6E74F2}.Debug|Any CPU.ActiveCfg = Debug|Any CPU
		{EC420AD4-66F6-4905-BB0A-01B4BA6E74F2}.Debug|Any CPU.Build.0 = Debug|Any CPU
		{EC420AD4-66F6-4905-BB0A-01B4BA6E74F2}.Release|Any CPU.ActiveCfg = Release|Any CPU
		{EC420AD4-66F6-4905-BB0A-01B4BA6E74F2}.Release|Any CPU.Build.0 = Release|Any CPU
		{9873CA7A-1F0F-4E22-8009-F10B0CABF822}.Debug|Any CPU.ActiveCfg = Debug|Any CPU
		{9873CA7A-1F0F-4E22-8009-F10B0CABF822}.Debug|Any CPU.Build.0 = Debug|Any CPU
		{9873CA7A-1F0F-4E22-8009-F10B0CABF822}.Release|Any CPU.ActiveCfg = Release|Any CPU
		{9873CA7A-1F0F-4E22-8009-F10B0CABF822}.Release|Any CPU.Build.0 = Release|Any CPU
		{C24FAB67-3B2E-4496-9812-8FF795707189}.Debug|Any CPU.ActiveCfg = Debug|Any CPU
		{C24FAB67-3B2E-4496-9812-8FF795707189}.Debug|Any CPU.Build.0 = Debug|Any CPU
		{C24FAB67-3B2E-4496-9812-8FF795707189}.Release|Any CPU.ActiveCfg = Release|Any CPU
		{C24FAB67-3B2E-4496-9812-8FF795707189}.Release|Any CPU.Build.0 = Release|Any CPU
	EndGlobalSection
EndGlobal
